
Microsoft Visual Studio Solution File, Format Version 12.00
# Visual Studio 15
VisualStudioVersion = 15.0.27428.2037
MinimumVisualStudioVersion = 10.0.40219.1
Project("{9A19103F-16F7-4668-BE54-9A1E7A4F7556}") = "Autofac.Extras.NLog.Tests", "Autofac.Extras.NLog.Tests\Autofac.Extras.NLog.Tests.csproj", "{C9EEA2A4-2B26-47A8-95F4-CA32E870B31E}"
EndProject
Project("{9A19103F-16F7-4668-BE54-9A1E7A4F7556}") = "Autofac.Extras.NLog", "Autofac.Extras.NLog\Autofac.Extras.NLog.csproj", "{BB9D4273-386E-4E09-99D5-A194D079AD52}"
EndProject
Global
	GlobalSection(SolutionConfigurationPlatforms) = preSolution
		Debug|Any CPU = Debug|Any CPU
		Release|Any CPU = Release|Any CPU
	EndGlobalSection
	GlobalSection(ProjectConfigurationPlatforms) = postSolution
		{C9EEA2A4-2B26-47A8-95F4-CA32E870B31E}.Debug|Any CPU.ActiveCfg = Debug|Any CPU
		{C9EEA2A4-2B26-47A8-95F4-CA32E870B31E}.Debug|Any CPU.Build.0 = Debug|Any CPU
		{C9EEA2A4-2B26-47A8-95F4-CA32E870B31E}.Release|Any CPU.ActiveCfg = Release|Any CPU
		{C9EEA2A4-2B26-47A8-95F4-CA32E870B31E}.Release|Any CPU.Build.0 = Release|Any CPU
		{BB9D4273-386E-4E09-99D5-A194D079AD52}.Debug|Any CPU.ActiveCfg = Debug|Any CPU
		{BB9D4273-386E-4E09-99D5-A194D079AD52}.Debug|Any CPU.Build.0 = Debug|Any CPU
		{BB9D4273-386E-4E09-99D5-A194D079AD52}.Release|Any CPU.ActiveCfg = Release|Any CPU
		{BB9D4273-386E-4E09-99D5-A194D079AD52}.Release|Any CPU.Build.0 = Release|Any CPU
	EndGlobalSection
	GlobalSection(SolutionProperties) = preSolution
		HideSolutionNode = FALSE
	EndGlobalSection
	GlobalSection(ExtensibilityGlobals) = postSolution
		SolutionGuid = {F20A5D7E-EE2B-477F-AF2A-22DEFAF88CDB}
	EndGlobalSection
EndGlobal
